[[package]]
name = "brotli"
version = "1.0.9"
description = "Python bindings for the Brotli compression library"
category = "main"
optional = false
python-versions = "*"

[package.source]
type = "legacy"
url = "https://www.piwheels.org/simple"
reference = "piwheels"

[[package]]
name = "click"
version = "8.1.3"
description = "Composable command line interface toolkit"
category = "main"
optional = false
python-versions = ">=3.7"

[package.dependencies]
colorama = {version = "*", markers = "platform_system == \"Windows\""}

[package.source]
type = "legacy"
url = "https://www.piwheels.org/simple"
reference = "piwheels"

[[package]]
name = "colorama"
version = "0.4.4"
description = "Cross-platform colored terminal text."
category = "main"
optional = false
python-versions = ">=2.7, !=3.0.*, !=3.1.*, !=3.2.*, !=3.3.*, !=3.4.*"

[package.source]
type = "legacy"
url = "https://www.piwheels.org/simple"
reference = "piwheels"

[[package]]
name = "dash"
version = "2.6.2"
description = "A Python framework for building reactive web-apps. Developed by Plotly."
category = "main"
optional = false
python-versions = ">=3.6"

[package.dependencies]
dash-core-components = "2.0.0"
dash-html-components = "2.0.0"
dash-table = "5.0.0"
Flask = ">=1.0.4"
flask-compress = "*"
plotly = ">=5.0.0"

[package.extras]
celery = ["celery[redis] (>=5.1.2)", "redis (>=3.5.3)"]
ci = ["black (==21.6b0)", "black (==22.3.0)", "dash-dangerously-set-inner-html", "dash-flow-example (==0.0.5)", "flake8 (==3.9.2)", "flaky (==3.7.0)", "flask-talisman (==1.0.0)", "isort (==4.3.21)", "mimesis", "mock (==4.0.3)", "numpy", "openpyxl", "orjson (==3.5.4)", "orjson (==3.6.7)", "pandas (==1.1.5)", "pandas (>=1.4.0)", "preconditions", "pyarrow", "pyarrow (<3)", "pylint (==2.13.5)", "pytest-mock", "pytest-rerunfailures", "pytest-sugar (==0.9.4)", "xlrd (<2)", "xlrd (>=2.0.1)"]
dev = ["PyYAML (>=5.4.1)", "coloredlogs (>=15.0.1)", "fire (>=0.4.0)"]
diskcache = ["diskcache (>=5.2.1)", "multiprocess (>=0.70.12)", "psutil (>=5.8.0)"]
testing = ["beautifulsoup4 (>=4.8.2)", "cryptography (<3.4)", "lxml (>=4.6.2)", "multiprocess (>=0.70.12)", "percy (>=2.0.2)", "psutil (>=5.8.0)", "pytest (>=6.0.2)", "requests[security] (>=2.21.0)", "selenium (>=3.141.0,<=4.2.0)", "waitress (>=1.4.4)"]

[package.source]
type = "legacy"
url = "https://www.piwheels.org/simple"
reference = "piwheels"

[[package]]
name = "dash-core-components"
version = "2.0.0"
description = "Core component suite for Dash"
category = "main"
optional = false
python-versions = "*"

[package.source]
type = "legacy"
url = "https://www.piwheels.org/simple"
reference = "piwheels"

[[package]]
name = "dash-html-components"
version = "2.0.0"
description = "Vanilla HTML components for Dash"
category = "main"
optional = false
python-versions = "*"

[package.source]
type = "legacy"
url = "https://www.piwheels.org/simple"
reference = "piwheels"

[[package]]
name = "dash-table"
version = "5.0.0"
description = "Dash table"
category = "main"
optional = false
python-versions = "*"

[package.source]
type = "legacy"
url = "https://www.piwheels.org/simple"
reference = "piwheels"

[[package]]
name = "flask"
version = "2.2.0"
description = "A simple framework for building complex web applications."
category = "main"
optional = false
python-versions = ">=3.7"

[package.dependencies]
click = ">=8.0"
importlib-metadata = {version = ">=3.6.0", markers = "python_version < \"3.10\""}
itsdangerous = ">=2.0"
Jinja2 = ">=3.0"
Werkzeug = ">=2.2.0"

[package.extras]
async = ["asgiref (>=3.2)"]
dotenv = ["python-dotenv"]

[package.source]
type = "legacy"
url = "https://www.piwheels.org/simple"
reference = "piwheels"

[[package]]
name = "flask-compress"
version = "1.12"
description = "Compress responses in your Flask app with gzip, deflate or brotli."
category = "main"
optional = false
python-versions = "*"

[package.dependencies]
brotli = "*"
flask = "*"

[package.source]
type = "legacy"
url = "https://www.piwheels.org/simple"
reference = "piwheels"

[[package]]
name = "greenlet"
version = "1.1.2"
description = "Lightweight in-process concurrent programming"
category = "main"
optional = false
python-versions = ">=2.7,!=3.0.*,!=3.1.*,!=3.2.*,!=3.3.*,!=3.4.*"

[package.extras]
docs = ["Sphinx"]

[package.source]
type = "legacy"
url = "https://www.piwheels.org/simple"
reference = "piwheels"

[[package]]
name = "gunicorn"
version = "20.1.0"
description = "WSGI HTTP Server for UNIX"
category = "main"
optional = false
python-versions = ">=3.5"

[package.dependencies]
setuptools = ">=3.0"

[package.extras]
eventlet = ["eventlet (>=0.24.1)"]
gevent = ["gevent (>=1.4.0)"]
setproctitle = ["setproctitle"]
tornado = ["tornado (>=0.2)"]

[package.source]
type = "legacy"
url = "https://www.piwheels.org/simple"
reference = "piwheels"

[[package]]
name = "importlib-metadata"
version = "4.11.3"
description = "Read metadata from Python packages"
category = "main"
optional = false
python-versions = ">=3.7"

[package.dependencies]
zipp = ">=0.5"

[package.extras]
docs = ["jaraco.packaging (>=9)", "rst.linker (>=1.9)", "sphinx"]
perf = ["ipython"]
testing = ["flufl.flake8", "importlib-resources (>=1.3)", "packaging", "pyfakefs", "pytest (>=6)", "pytest-black (>=0.3.7)", "pytest-checkdocs (>=2.4)", "pytest-cov", "pytest-enabler (>=1.0.1)", "pytest-flake8", "pytest-mypy (>=0.9.1)", "pytest-perf (>=0.9.2)"]

[package.source]
type = "legacy"
url = "https://www.piwheels.org/simple"
reference = "piwheels"

[[package]]
name = "itsdangerous"
version = "2.1.2"
description = "Safely pass data to untrusted environments and back."
category = "main"
optional = false
python-versions = ">=3.7"

[package.source]
type = "legacy"
url = "https://www.piwheels.org/simple"
reference = "piwheels"

[[package]]
name = "jinja2"
version = "3.1.2"
description = "A very fast and expressive template engine."
category = "main"
optional = false
python-versions = ">=3.7"

[package.dependencies]
MarkupSafe = ">=2.0"

[package.extras]
i18n = ["Babel (>=2.7)"]

[package.source]
type = "legacy"
url = "https://www.piwheels.org/simple"
reference = "piwheels"

[[package]]
name = "markupsafe"
version = "2.1.1"
description = "Safely add untrusted strings to HTML/XML markup."
category = "main"
optional = false
python-versions = ">=3.7"

[package.source]
type = "legacy"
url = "https://www.piwheels.org/simple"
reference = "piwheels"

[[package]]
name = "numpy"
version = "1.23.3"
description = "NumPy is the fundamental package for array computing with Python."
category = "main"
optional = false
python-versions = ">=3.8"

[package.source]
type = "legacy"
url = "https://www.piwheels.org/simple"
reference = "piwheels"

[[package]]
name = "pandas"
version = "1.5.0"
description = "Powerful data structures for data analysis, time series, and statistics"
category = "main"
optional = false
python-versions = ">=3.8"

[package.dependencies]
numpy = [
    {version = ">=1.20.3", markers = "python_version < \"3.10\""},
    {version = ">=1.21.0", markers = "python_version >= \"3.10\""},
]
python-dateutil = ">=2.8.1"
pytz = ">=2020.1"

[package.extras]
test = ["hypothesis (>=5.5.3)", "pytest (>=6.0)", "pytest-xdist (>=1.31)"]

[package.source]
type = "legacy"
url = "https://www.piwheels.org/simple"
reference = "piwheels"

[[package]]
name = "plotly"
version = "5.1.0"
description = "An open-source, interactive data visualization library for Python"
category = "main"
optional = false
python-versions = ">=3.6"

[package.dependencies]
six = "*"
tenacity = ">=6.2.0"

[package.source]
type = "legacy"
url = "https://www.piwheels.org/simple"
reference = "piwheels"

[[package]]
name = "psycopg2-binary"
version = "2.9.5"
description = "psycopg2 - Python-PostgreSQL Database Adapter"
category = "main"
optional = false
python-versions = ">=3.6"

[package.source]
type = "legacy"
url = "https://www.piwheels.org/simple"
reference = "piwheels"

[[package]]
name = "python-dateutil"
version = "2.8.2"
description = "Extensions to the standard Python datetime module"
category = "main"
optional = false
python-versions = "!=3.0.*,!=3.1.*,!=3.2.*,>=2.7"

[package.dependencies]
six = ">=1.5"

[package.source]
type = "legacy"
url = "https://www.piwheels.org/simple"
reference = "piwheels"

[[package]]
name = "pytz"
version = "2022.1"
description = "World timezone definitions, modern and historical"
category = "main"
optional = false
python-versions = "*"

[package.source]
type = "legacy"
url = "https://www.piwheels.org/simple"
reference = "piwheels"

[[package]]
name = "setuptools"
version = "65.4.1"
description = "Easily download, build, install, upgrade, and uninstall Python packages"
category = "main"
optional = false
python-versions = ">=3.7"

[package.extras]
docs = ["furo", "jaraco.packaging (>=9)", "jaraco.tidelift (>=1.4)", "pygments-github-lexers (==0.0.5)", "rst.linker (>=1.9)", "sphinx (>=3.5)", "sphinx-favicon", "sphinx-hoverxref (<2)", "sphinx-inline-tabs", "sphinx-notfound-page (==0.8.3)", "sphinx-reredirects", "sphinxcontrib-towncrier"]
testing = ["build[virtualenv]", "filelock (>=3.4.0)", "flake8 (<5)", "flake8-2020", "ini2toml[lite] (>=0.9)", "jaraco.envs (>=2.2)", "jaraco.path (>=3.2.0)", "mock", "pip (>=19.1)", "pip-run (>=8.8)", "pytest (>=6)", "pytest-black (>=0.3.7)", "pytest-checkdocs (>=2.4)", "pytest-cov", "pytest-enabler (>=1.3)", "pytest-flake8", "pytest-mypy (>=0.9.1)", "pytest-perf", "pytest-xdist", "tomli-w (>=1.0.0)", "virtualenv (>=13.0.0)", "wheel"]
testing-integration = ["build[virtualenv]", "filelock (>=3.4.0)", "jaraco.envs (>=2.2)", "jaraco.path (>=3.2.0)", "pytest", "pytest-enabler", "pytest-xdist", "tomli", "virtualenv (>=13.0.0)", "wheel"]

[package.source]
type = "legacy"
url = "https://www.piwheels.org/simple"
reference = "piwheels"

[[package]]
name = "six"
version = "1.16.0"
description = "Python 2 and 3 compatibility utilities"
category = "main"
optional = false
python-versions = ">=2.7, !=3.0.*, !=3.1.*, !=3.2.*"

[package.source]
type = "legacy"
url = "https://www.piwheels.org/simple"
reference = "piwheels"

[[package]]
name = "sqlalchemy"
version = "1.4.41"
description = "Database Abstraction Library"
category = "main"
optional = false
python-versions = "!=3.0.*,!=3.1.*,!=3.2.*,!=3.3.*,!=3.4.*,!=3.5.*,>=2.7"

[package.dependencies]
greenlet = {version = "!=0.4.17", markers = "python_version >= \"3\" and (platform_machine == \"aarch64\" or platform_machine == \"ppc64le\" or platform_machine == \"x86_64\" or platform_machine == \"amd64\" or platform_machine == \"AMD64\" or platform_machine == \"win32\" or platform_machine == \"WIN32\")"}

[package.extras]
aiomysql = ["aiomysql", "greenlet (!=0.4.17)"]
aiosqlite = ["aiosqlite", "greenlet (!=0.4.17)", "typing-extensions (!=3.10.0.1)"]
asyncio = ["greenlet (!=0.4.17)"]
asyncmy = ["asyncmy (>=0.2.3,!=0.2.4)", "greenlet (!=0.4.17)"]
mariadb-connector = ["mariadb (>=1.0.1,!=1.1.2)"]
mssql = ["pyodbc"]
mssql-pymssql = ["pymssql"]
mssql-pyodbc = ["pyodbc"]
mypy = ["mypy (>=0.910)", "sqlalchemy2-stubs"]
mysql = ["mysqlclient (>=1.4.0)", "mysqlclient (>=1.4.0,<2)"]
mysql-connector = ["mysql-connector-python"]
oracle = ["cx-oracle (>=7)", "cx-oracle (>=7,<8)"]
postgresql = ["psycopg2 (>=2.7)"]
postgresql-asyncpg = ["asyncpg", "greenlet (!=0.4.17)"]
postgresql-pg8000 = ["pg8000 (>=1.16.6,!=1.29.0)"]
postgresql-psycopg2binary = ["psycopg2-binary"]
postgresql-psycopg2cffi = ["psycopg2cffi"]
pymysql = ["pymysql", "pymysql (<1)"]
sqlcipher = ["sqlcipher3-binary"]

[package.source]
type = "legacy"
url = "https://www.piwheels.org/simple"
reference = "piwheels"

[[package]]
name = "tenacity"
version = "8.0.1"
description = "Retry code until it succeeds"
category = "main"
optional = false
python-versions = ">=3.6"

[package.extras]
doc = ["reno", "sphinx", "tornado (>=4.5)"]

[package.source]
type = "legacy"
url = "https://www.piwheels.org/simple"
reference = "piwheels"

[[package]]
name = "werkzeug"
version = "2.2.1"
description = "The comprehensive WSGI web application library."
category = "main"
optional = false
python-versions = ">=3.7"

[package.dependencies]
MarkupSafe = ">=2.1.1"

[package.extras]
watchdog = ["watchdog"]

[package.source]
type = "legacy"
url = "https://www.piwheels.org/simple"
reference = "piwheels"

[[package]]
name = "zipp"
version = "3.8.0"
description = "Backport of pathlib-compatible object wrapper for zip files"
category = "main"
optional = false
python-versions = ">=3.7"

[package.extras]
docs = ["jaraco.packaging (>=9)", "rst.linker (>=1.9)", "sphinx"]
testing = ["func-timeout", "jaraco.itertools", "pytest (>=6)", "pytest-black (>=0.3.7)", "pytest-checkdocs (>=2.4)", "pytest-cov", "pytest-enabler (>=1.0.1)", "pytest-flake8", "pytest-mypy (>=0.9.1)"]

[package.source]
type = "legacy"
url = "https://www.piwheels.org/simple"
reference = "piwheels"

[metadata]
lock-version = "1.1"
python-versions = ">=3.9,<3.11"
content-hash = "b92c553d32bb86c0ab51eedeb997f17ad93467b117c188bdb14b199012af5d7a"

[metadata.files]
brotli = [
    {file = "Brotli-1.0.9-cp35-cp35m-linux_armv6l.whl", hash = "sha256:3f39dbf35fec456f44ea0058931882e479e92241c4b8b04b5aea94fcec326bb8"},
    {file = "Brotli-1.0.9-cp35-cp35m-linux_armv7l.whl", hash = "sha256:3f39dbf35fec456f44ea0058931882e479e92241c4b8b04b5aea94fcec326bb8"},
    {file = "Brotli-1.0.9-cp37-cp37m-linux_armv6l.whl", hash = "sha256:ead3ef58fc3ece40fe4ba77879a94df9b4b0a30a3c70b64157150d9328c7ed68"},
    {file = "Brotli-1.0.9-cp37-cp37m-linux_armv7l.whl", hash = "sha256:ead3ef58fc3ece40fe4ba77879a94df9b4b0a30a3c70b64157150d9328c7ed68"},
    {file = "Brotli-1.0.9-cp39-cp39-linux_armv6l.whl", hash = "sha256:d4446910b15dbe66a104fef2d089b808c90a74eb1ca6219522cc8e787a7bb4af"},
    {file = "Brotli-1.0.9-cp39-cp39-linux_armv7l.whl", hash = "sha256:d4446910b15dbe66a104fef2d089b808c90a74eb1ca6219522cc8e787a7bb4af"},
]
click = [
    {file = "click-8.1.3-py3-none-any.whl", hash = "sha256:0fbcde147794ed8e320fe5cfe2155cf6fcb76c1249ae7292a4c07d25de6825fe"},
]
colorama = [
    {file = "colorama-0.4.4-py2.py3-none-any.whl", hash = "sha256:9f47eda37229f68eee03b24b9748937c7dc3868f906e8ba69fbcbdd3bc5dc3e2"},
]
dash = [
    {file = "dash-2.6.2-py3-none-any.whl", hash = "sha256:33ec94add3bcad655f510a5b3b07a8d1d97e733e602c30531b506a9e500c0ad4"},
]
dash-core-components = [
    {file = "dash_core_components-2.0.0-py3-none-any.whl", hash = "sha256:934122d0dd70238a5d4e552c816a0b470d34f2143dd0fb521f4ad9623261a557"},
]
dash-html-components = [
    {file = "dash_html_components-2.0.0-py3-none-any.whl", hash = "sha256:a672c5f178567a173beeb00d2f7991136592a03bf0047747b66b21825c38e7d9"},
]
dash-table = [
    {file = "dash_table-5.0.0-py3-none-any.whl", hash = "sha256:e3c7247bfd47c09ac8d5fa9a90535157721da00e97e1b527aff160675e86d7e9"},
]
flask = [
    {file = "Flask-2.2.0-py3-none-any.whl", hash = "sha256:832e9b9b99fc03b1f6e9bb8b63f62c93fb61719b686145edf96688c5a491f9fc"},
]
flask-compress = [
    {file = "Flask_Compress-1.12-py3-none-any.whl", hash = "sha256:d112edce663c9b95ec2eb6198c6cd2fa0a87610aed7ddb623a839e605af5050a"},
]
greenlet = [
    {file = "greenlet-1.1.2-cp35-cp35m-linux_armv6l.whl", hash = "sha256:8f7b240fb2e4950d61afeaaa51ab8a1812ed9a4778bb45bf121c21b4b37d72d7"},
    {file = "greenlet-1.1.2-cp35-cp35m-linux_armv7l.whl", hash = "sha256:8f7b240fb2e4950d61afeaaa51ab8a1812ed9a4778bb45bf121c21b4b37d72d7"},
    {file = "greenlet-1.1.2-cp37-cp37m-linux_armv6l.whl", hash = "sha256:bf28533bb6eaac39604fa975b9fd580d2ec0aff5f2f06dbfdeb106b361066cdf"},
    {file = "greenlet-1.1.2-cp37-cp37m-linux_armv7l.whl", hash = "sha256:bf28533bb6eaac39604fa975b9fd580d2ec0aff5f2f06dbfdeb106b361066cdf"},
    {file = "greenlet-1.1.2-cp39-cp39-linux_armv6l.whl", hash = "sha256:f6dd4fe16556514c81b440cdb3a723a47464705ee56597f892d74ffa77b2796c"},
    {file = "greenlet-1.1.2-cp39-cp39-linux_armv7l.whl", hash = "sha256:f6dd4fe16556514c81b440cdb3a723a47464705ee56597f892d74ffa77b2796c"},
]
gunicorn = [
    {file = "gunicorn-20.1.0-py3-none-any.whl", hash = "sha256:8d737657cdd62f483d482ee65cf9cc6a64d5b2199674f8b174803be9065e5d60"},
]
importlib-metadata = [
    {file = "importlib_metadata-4.11.3-py3-none-any.whl", hash = "sha256:5e300b6caa5420c74577bd2158a3f148aee2b4048e43a3562c7f808d95e17b4f"},
]
itsdangerous = [
    {file = "itsdangerous-2.1.2-py3-none-any.whl", hash = "sha256:9b5133a939beab3861a10b90a6b576e703e248e6e540b39862fac4059233fd9b"},
]
jinja2 = [
    {file = "Jinja2-3.1.2-py3-none-any.whl", hash = "sha256:939eff24462195e3e006dac39c9d3ad951edfcab8f4b496bfaad8659ee0a01b1"},
]
markupsafe = [
    {file = "MarkupSafe-2.1.1-cp37-cp37m-linux_armv6l.whl", hash = "sha256:04ecce2077c9c531334c847b604835e8e909f73d1fe596ceae30c8046ca90686"},
    {file = "MarkupSafe-2.1.1-cp37-cp37m-linux_armv7l.whl", hash = "sha256:04ecce2077c9c531334c847b604835e8e909f73d1fe596ceae30c8046ca90686"},
    {file = "MarkupSafe-2.1.1-cp39-cp39-linux_armv6l.whl", hash = "sha256:635983650c67c69118fe07c52f799b789d17edb9051777476b646278602d47dd"},
    {file = "MarkupSafe-2.1.1-cp39-cp39-linux_armv7l.whl", hash = "sha256:635983650c67c69118fe07c52f799b789d17edb9051777476b646278602d47dd"},
]
numpy = [
    {file = "numpy-1.23.3-cp39-cp39-linux_armv6l.whl", hash = "sha256:a1793f03c0cb1adcb1743028f0dcddd99275f5162c027928097f31c831bf7108"},
    {file = "numpy-1.23.3-cp39-cp39-linux_armv7l.whl", hash = "sha256:a1793f03c0cb1adcb1743028f0dcddd99275f5162c027928097f31c831bf7108"},
]
pandas = [
    {file = "pandas-1.5.0-cp39-cp39-linux_armv6l.whl", hash = "sha256:b82cc524b486524dbca59b3de14ace4ef28820d1e777382a10d2b6b7c2908c34"},
    {file = "pandas-1.5.0-cp39-cp39-linux_armv7l.whl", hash = "sha256:b82cc524b486524dbca59b3de14ace4ef28820d1e777382a10d2b6b7c2908c34"},
]
plotly = [
    {file = "plotly-5.1.0-py2.py3-none-any.whl", hash = "sha256:d60412ee21d85102f67e5c7134d59feb5e42a5cbbfb1e580ad67cbdf7589d80c"},
]
psycopg2-binary = [
    {file = "psycopg2_binary-2.9.5-cp37-cp37m-linux_armv6l.whl", hash = "sha256:bb25cbfc4ab60b3c2ae0e2a27dcd1eda5d9a49c43023c7ae20d5dfeaf75c5010"},
    {file = "psycopg2_binary-2.9.5-cp37-cp37m-linux_armv7l.whl", hash = "sha256:bb25cbfc4ab60b3c2ae0e2a27dcd1eda5d9a49c43023c7ae20d5dfeaf75c5010"},
    {file = "psycopg2_binary-2.9.5-cp39-cp39-linux_armv6l.whl", hash = "sha256:146e4000df4f9ad5a86652e3a422035ced5af1c177dfb9c30a1fa07f3b99d4c6"},
    {file = "psycopg2_binary-2.9.5-cp39-cp39-linux_armv7l.whl", hash = "sha256:146e4000df4f9ad5a86652e3a422035ced5af1c177dfb9c30a1fa07f3b99d4c6"},
]
python-dateutil = [
    {file = "python_dateutil-2.8.2-py2.py3-none-any.whl", hash = "sha256:961d03dc3453ebbc59dbdea9e4e11c5651520a876d0f4db161e8674aae935da9"},
]
pytz = [
    {file = "pytz-2022.1-py3-none-any.whl", hash = "sha256:d7c0502dc1bc5e1a1a447a7527f99ddf7a302c0f83367ed442b6b3c38c38286d"},
]
setuptools = [
    {file = "setuptools-65.4.1-py3-none-any.whl", hash = "sha256:dedd3ff536626958f1723c8150f4ac12b5e973476eaf1bdad5fdf28268b9607d"},
]
six = [
    {file = "six-1.16.0-py2.py3-none-any.whl", hash = "sha256:8abb2f1d86890a2dfb989f9a77cfcfd3e47c2a354b01111771326f8aa26e0254"},
]
sqlalchemy = [
    {file = "SQLAlchemy-1.4.41-cp37-cp37m-linux_armv6l.whl", hash = "sha256:dcb9ad99802c9d2e6a1f390bd5b9adcb6125da8503086c36e8599ea62ba93f8b"},
    {file = "SQLAlchemy-1.4.41-cp37-cp37m-linux_armv7l.whl", hash = "sha256:dcb9ad99802c9d2e6a1f390bd5b9adcb6125da8503086c36e8599ea62ba93f8b"},
    {file = "SQLAlchemy-1.4.41-cp39-cp39-linux_armv6l.whl", hash = "sha256:1b532813babb94874dd8f47935deb9926951d53cdd7bd2b857297e36c366d0bd"},
    {file = "SQLAlchemy-1.4.41-cp39-cp39-linux_armv7l.whl", hash = "sha256:1b532813babb94874dd8f47935deb9926951d53cdd7bd2b857297e36c366d0bd"},
]
tenacity = [
    {file = "tenacity-8.0.1-py3-none-any.whl", hash = "sha256:f78f4ea81b0fabc06728c11dc2a8c01277bfc5181b321a4770471902e3eb844a"},
]
werkzeug = [
    {file = "Werkzeug-2.2.1-py3-none-any.whl", hash = "sha256:2ee70d7fc005d75d3d3c20c6f2ff482822a53d5b664298b0ab6f82adceffb133"},
]
zipp = [
    {file = "zipp-3.8.0-py3-none-any.whl", hash = "sha256:e24662099d38dd8d5f683affd104a4c9dc2562647ad1c0af6ff04e0adffd7812"},
]
