# This file is automatically @generated by Poetry 1.6.1 and should not be changed by hand.

[[package]]
name = "ansi2html"
version = "1.8.0"
description = ""
optional = false
python-versions = ">=3.6"
files = [
    {file = "ansi2html-1.8.0-py3-none-any.whl", hash = "sha256:39257fd33561d8b008d9fcb4fa53b4ac75f5e0825edb58c9cde3f6ba77b68ec4"},
]

[package.extras]
docs = ["Sphinx", "setuptools-scm", "sphinx-rtd-theme"]
test = ["pytest", "pytest-cov"]

[package.source]
type = "legacy"
url = "https://www.piwheels.org/simple"
reference = "piwheels"

[[package]]
name = "certifi"
version = "2023.5.7"
description = "Python package for providing Mozilla's CA Bundle."
optional = false
python-versions = ">=3.6"
files = [
    {file = "certifi-2023.5.7-py3-none-any.whl", hash = "sha256:a05b7f098e2e533c193db8b624afaec36d486c7fdbf350a9936eb9a00d44d2b7"},
]

[package.source]
type = "legacy"
url = "https://www.piwheels.org/simple"
reference = "piwheels"

[[package]]
name = "charset-normalizer"
version = "3.0.1"
description = "The Real First Universal Charset Detector. Open, modern and actively maintained alternative to Chardet."
optional = false
python-versions = "*"
files = [
    {file = "charset_normalizer-3.0.1-py3-none-any.whl", hash = "sha256:1799ad8111efa28db62e1b9773eba32dcc9fd0cd9d7c631bd4858eb15a30f858"},
]

[package.source]
type = "legacy"
url = "https://www.piwheels.org/simple"
reference = "piwheels"

[[package]]
name = "click"
version = "8.1.3"
description = "Composable command line interface toolkit"
optional = false
python-versions = ">=3.7"
files = [
    {file = "click-8.1.3-py3-none-any.whl", hash = "sha256:0fbcde147794ed8e320fe5cfe2155cf6fcb76c1249ae7292a4c07d25de6825fe"},
]

[package.dependencies]
colorama = {version = "*", markers = "platform_system == \"Windows\""}

[package.source]
type = "legacy"
url = "https://www.piwheels.org/simple"
reference = "piwheels"

[[package]]
name = "colorama"
version = "0.4.6"
description = "Cross-platform colored terminal text."
optional = false
python-versions = "!=3.0.*,!=3.1.*,!=3.2.*,!=3.3.*,!=3.4.*,!=3.5.*,!=3.6.*,>=2.7"
files = [
    {file = "colorama-0.4.6-py2.py3-none-any.whl", hash = "sha256:4f1d9991f5acc0ca119f9d443620b77f9d6b33703e51011c16baf57afb285fc6"},
]

[package.source]
type = "legacy"
url = "https://www.piwheels.org/simple"
reference = "piwheels"

[[package]]
name = "dash"
version = "2.11.1"
description = "A Python framework for building reactive web-apps. Developed by Plotly."
optional = false
python-versions = ">=3.6"
files = [
    {file = "dash-2.11.1-py3-none-any.whl", hash = "sha256:8ff30993275bd078ffe2b95c8bd69d1fee4d46562b09dd28b3d7626ae5c17a3d"},
]

[package.dependencies]
ansi2html = "*"
dash-core-components = "2.0.0"
dash-html-components = "2.0.0"
dash-table = "5.0.0"
Flask = ">=1.0.4,<2.3.0"
nest-asyncio = "*"
plotly = ">=5.0.0"
requests = "*"
retrying = "*"
typing-extensions = ">=4.1.1"
Werkzeug = "<2.3.0"

[package.extras]
celery = ["celery[redis] (>=5.1.2)", "importlib-metadata (<5)", "redis (>=3.5.3)"]
ci = ["black (==21.6b0)", "black (==22.3.0)", "dash-dangerously-set-inner-html", "dash-flow-example (==0.0.5)", "flake8 (==3.9.2)", "flaky (==3.7.0)", "flask-talisman (==1.0.0)", "isort (==4.3.21)", "jupyterlab (<4.0.0)", "mimesis", "mock (==4.0.3)", "numpy", "openpyxl", "orjson (==3.5.4)", "orjson (==3.6.7)", "pandas (==1.1.5)", "pandas (>=1.4.0)", "preconditions", "pyarrow", "pyarrow (<3)", "pylint (==2.13.5)", "pytest-mock", "pytest-rerunfailures", "pytest-sugar (==0.9.6)", "xlrd (<2)", "xlrd (>=2.0.1)"]
compress = ["flask-compress"]
dev = ["PyYAML (>=5.4.1)", "coloredlogs (>=15.0.1)", "fire (>=0.4.0)"]
diskcache = ["diskcache (>=5.2.1)", "multiprocess (>=0.70.12)", "psutil (>=5.8.0)"]
testing = ["beautifulsoup4 (>=4.8.2)", "cryptography (<3.4)", "dash-testing-stub (>=0.0.2)", "lxml (>=4.6.2)", "multiprocess (>=0.70.12)", "percy (>=2.0.2)", "psutil (>=5.8.0)", "pytest (>=6.0.2)", "requests[security] (>=2.21.0)", "selenium (>=3.141.0,<=4.2.0)", "waitress (>=1.4.4)"]

[package.source]
type = "legacy"
url = "https://www.piwheels.org/simple"
reference = "piwheels"

[[package]]
name = "dash-core-components"
version = "2.0.0"
description = "Core component suite for Dash"
optional = false
python-versions = "*"
files = [
    {file = "dash_core_components-2.0.0-py3-none-any.whl", hash = "sha256:934122d0dd70238a5d4e552c816a0b470d34f2143dd0fb521f4ad9623261a557"},
]

[package.source]
type = "legacy"
url = "https://www.piwheels.org/simple"
reference = "piwheels"

[[package]]
name = "dash-html-components"
version = "2.0.0"
description = "Vanilla HTML components for Dash"
optional = false
python-versions = "*"
files = [
    {file = "dash_html_components-2.0.0-py3-none-any.whl", hash = "sha256:a672c5f178567a173beeb00d2f7991136592a03bf0047747b66b21825c38e7d9"},
]

[package.source]
type = "legacy"
url = "https://www.piwheels.org/simple"
reference = "piwheels"

[[package]]
name = "dash-table"
version = "5.0.0"
description = "Dash table"
optional = false
python-versions = "*"
files = [
    {file = "dash_table-5.0.0-py3-none-any.whl", hash = "sha256:e3c7247bfd47c09ac8d5fa9a90535157721da00e97e1b527aff160675e86d7e9"},
]

[package.source]
type = "legacy"
url = "https://www.piwheels.org/simple"
reference = "piwheels"

[[package]]
name = "flask"
version = "2.2.5"
description = "A simple framework for building complex web applications."
optional = false
python-versions = ">=3.7"
files = [
    {file = "Flask-2.2.5-py3-none-any.whl", hash = "sha256:c06b27f551ea4a8e08b963b808884127c8ff5b07808f60910bb56fa667f20333"},
]

[package.dependencies]
click = ">=8.0"
importlib-metadata = {version = ">=3.6.0", markers = "python_version < \"3.10\""}
itsdangerous = ">=2.0"
Jinja2 = ">=3.0"
Werkzeug = ">=2.2.2"

[package.extras]
async = ["asgiref (>=3.2)"]
dotenv = ["python-dotenv"]

[package.source]
type = "legacy"
url = "https://www.piwheels.org/simple"
reference = "piwheels"

[[package]]
name = "greenlet"
version = "2.0.0.post0"
description = "Lightweight in-process concurrent programming"
optional = false
python-versions = ">=2.7,!=3.0.*,!=3.1.*,!=3.2.*,!=3.3.*,!=3.4.*"
files = [
    {file = "greenlet-2.0.0.post0-cp37-cp37m-linux_armv6l.whl", hash = "sha256:4be4815bba823c2412979bfc4d9da0c928ad0a1137ec36e81042266f09525d0a"},
    {file = "greenlet-2.0.0.post0-cp37-cp37m-linux_armv7l.whl", hash = "sha256:4be4815bba823c2412979bfc4d9da0c928ad0a1137ec36e81042266f09525d0a"},
    {file = "greenlet-2.0.0.post0-cp39-cp39-linux_armv6l.whl", hash = "sha256:9e0d838a6a52ad51b5a52130e5b674add6342dc31732ea5336838279476c22fa"},
    {file = "greenlet-2.0.0.post0-cp39-cp39-linux_armv7l.whl", hash = "sha256:9e0d838a6a52ad51b5a52130e5b674add6342dc31732ea5336838279476c22fa"},
]

[package.extras]
docs = ["Sphinx", "docutils (<0.18)"]
test = ["faulthandler", "objgraph"]

[package.source]
type = "legacy"
url = "https://www.piwheels.org/simple"
reference = "piwheels"

[[package]]
name = "gunicorn"
version = "21.2.0"
description = "WSGI HTTP Server for UNIX"
optional = false
python-versions = ">=3.5"
files = [
    {file = "gunicorn-21.2.0-py3-none-any.whl", hash = "sha256:61bac9f4d3a7276816d93105b0954683c694db8ba869012a26cf87fd03f18cb5"},
]

[package.dependencies]
packaging = "*"

[package.extras]
eventlet = ["eventlet (>=0.24.1)"]
gevent = ["gevent (>=1.4.0)"]
setproctitle = ["setproctitle"]
tornado = ["tornado (>=0.2)"]

[package.source]
type = "legacy"
url = "https://www.piwheels.org/simple"
reference = "piwheels"

[[package]]
name = "idna"
version = "3.4"
description = "Internationalized Domain Names in Applications (IDNA)"
optional = false
python-versions = ">=3.5"
files = [
    {file = "idna-3.4-py3-none-any.whl", hash = "sha256:bcac1132a4eadea8321490704e2349b752e29c6ec2f1c27d372010e76ebd3fa1"},
]

[package.source]
type = "legacy"
url = "https://www.piwheels.org/simple"
reference = "piwheels"

[[package]]
name = "importlib-metadata"
version = "5.0.0"
description = "Read metadata from Python packages"
optional = false
python-versions = ">=3.7"
files = [
    {file = "importlib_metadata-5.0.0-py3-none-any.whl", hash = "sha256:aa723d7bbfda2a91287c72a6e19f286b594a53aa12fe583ec76243460f482289"},
]

[package.dependencies]
zipp = ">=0.5"

[package.extras]
docs = ["furo", "jaraco.packaging (>=9)", "jaraco.tidelift (>=1.4)", "rst.linker (>=1.9)", "sphinx (>=3.5)"]
perf = ["ipython"]
testing = ["flake8 (<5)", "flufl.flake8", "importlib-resources (>=1.3)", "packaging", "pyfakefs", "pytest (>=6)", "pytest-black (>=0.3.7)", "pytest-checkdocs (>=2.4)", "pytest-cov", "pytest-enabler (>=1.3)", "pytest-flake8", "pytest-mypy (>=0.9.1)", "pytest-perf (>=0.9.2)"]

[package.source]
type = "legacy"
url = "https://www.piwheels.org/simple"
reference = "piwheels"

[[package]]
name = "itsdangerous"
version = "2.1.2"
description = "Safely pass data to untrusted environments and back."
optional = false
python-versions = ">=3.7"
files = [
    {file = "itsdangerous-2.1.2-py3-none-any.whl", hash = "sha256:9b5133a939beab3861a10b90a6b576e703e248e6e540b39862fac4059233fd9b"},
]

[package.source]
type = "legacy"
url = "https://www.piwheels.org/simple"
reference = "piwheels"

[[package]]
name = "jinja2"
version = "3.1.2"
description = "A very fast and expressive template engine."
optional = false
python-versions = ">=3.7"
files = [
    {file = "Jinja2-3.1.2-py3-none-any.whl", hash = "sha256:939eff24462195e3e006dac39c9d3ad951edfcab8f4b496bfaad8659ee0a01b1"},
]

[package.dependencies]
MarkupSafe = ">=2.0"

[package.extras]
i18n = ["Babel (>=2.7)"]

[package.source]
type = "legacy"
url = "https://www.piwheels.org/simple"
reference = "piwheels"

[[package]]
name = "markupsafe"
version = "2.1.1"
description = "Safely add untrusted strings to HTML/XML markup."
optional = false
python-versions = ">=3.7"
files = [
    {file = "MarkupSafe-2.1.1-cp37-cp37m-linux_armv6l.whl", hash = "sha256:04ecce2077c9c531334c847b604835e8e909f73d1fe596ceae30c8046ca90686"},
    {file = "MarkupSafe-2.1.1-cp37-cp37m-linux_armv7l.whl", hash = "sha256:04ecce2077c9c531334c847b604835e8e909f73d1fe596ceae30c8046ca90686"},
    {file = "MarkupSafe-2.1.1-cp39-cp39-linux_armv6l.whl", hash = "sha256:635983650c67c69118fe07c52f799b789d17edb9051777476b646278602d47dd"},
    {file = "MarkupSafe-2.1.1-cp39-cp39-linux_armv7l.whl", hash = "sha256:635983650c67c69118fe07c52f799b789d17edb9051777476b646278602d47dd"},
]

[package.source]
type = "legacy"
url = "https://www.piwheels.org/simple"
reference = "piwheels"

[[package]]
name = "nest-asyncio"
version = "1.5.6"
description = "Patch asyncio to allow nested event loops"
optional = false
python-versions = ">=3.5"
files = [
    {file = "nest_asyncio-1.5.6-py3-none-any.whl", hash = "sha256:033e24a2f05187b099659057879632a1411dc60849a01b5aa80585e9908ce95e"},
]

[package.source]
type = "legacy"
url = "https://www.piwheels.org/simple"
reference = "piwheels"

[[package]]
name = "numpy"
version = "1.25.2"
description = "Fundamental package for array computing in Python"
optional = false
python-versions = ">=3.9"
files = [
    {file = "numpy-1.25.2-cp39-cp39-linux_armv6l.whl", hash = "sha256:4b0bf79e4c9ea416d3e7ddfd463263b7489c80e8fac9c94f3c9f11ee443210b7"},
    {file = "numpy-1.25.2-cp39-cp39-linux_armv7l.whl", hash = "sha256:4b0bf79e4c9ea416d3e7ddfd463263b7489c80e8fac9c94f3c9f11ee443210b7"},
]

[package.source]
type = "legacy"
url = "https://www.piwheels.org/simple"
reference = "piwheels"

[[package]]
name = "packaging"
version = "23.1"
description = "Core utilities for Python packages"
optional = false
python-versions = ">=3.7"
files = [
    {file = "packaging-23.1-py3-none-any.whl", hash = "sha256:135a6a678ccdfa43bfe57118b60922c721550f6c27bec2e1b08f60ba3924fe3e"},
]

[package.source]
type = "legacy"
url = "https://www.piwheels.org/simple"
reference = "piwheels"

[[package]]
name = "pandas"
version = "2.0.3"
description = "Powerful data structures for data analysis, time series, and statistics"
optional = false
python-versions = ">=3.8"
files = [
    {file = "pandas-2.0.3-cp39-cp39-linux_armv6l.whl", hash = "sha256:d22c01813141f31fbe9742e6bf9454b2018e2aab4085b743ae411ce93cbb34cb"},
    {file = "pandas-2.0.3-cp39-cp39-linux_armv7l.whl", hash = "sha256:d22c01813141f31fbe9742e6bf9454b2018e2aab4085b743ae411ce93cbb34cb"},
]

[package.dependencies]
numpy = [
    {version = ">=1.20.3", markers = "python_version < \"3.10\""},
    {version = ">=1.21.0", markers = "python_version >= \"3.10\""},
]
python-dateutil = ">=2.8.2"
pytz = ">=2020.1"
tzdata = ">=2022.1"

[package.extras]
all = ["PyQt5 (>=5.15.1)", "SQLAlchemy (>=1.4.16)", "beautifulsoup4 (>=4.9.3)", "bottleneck (>=1.3.2)", "brotlipy (>=0.7.0)", "fastparquet (>=0.6.3)", "fsspec (>=2021.07.0)", "gcsfs (>=2021.07.0)", "html5lib (>=1.1)", "hypothesis (>=6.34.2)", "jinja2 (>=3.0.0)", "lxml (>=4.6.3)", "matplotlib (>=3.6.1)", "numba (>=0.53.1)", "numexpr (>=2.7.3)", "odfpy (>=1.4.1)", "openpyxl (>=3.0.7)", "pandas-gbq (>=0.15.0)", "psycopg2 (>=2.8.6)", "pyarrow (>=7.0.0)", "pymysql (>=1.0.2)", "pyreadstat (>=1.1.2)", "pytest (>=7.3.2)", "pytest-asyncio (>=0.17.0)", "pytest-xdist (>=2.2.0)", "python-snappy (>=0.6.0)", "pyxlsb (>=1.0.8)", "qtpy (>=2.2.0)", "s3fs (>=2021.08.0)", "scipy (>=1.7.1)", "tables (>=3.6.1)", "tabulate (>=0.8.9)", "xarray (>=0.21.0)", "xlrd (>=2.0.1)", "xlsxwriter (>=1.4.3)", "zstandard (>=0.15.2)"]
aws = ["s3fs (>=2021.08.0)"]
clipboard = ["PyQt5 (>=5.15.1)", "qtpy (>=2.2.0)"]
compression = ["brotlipy (>=0.7.0)", "python-snappy (>=0.6.0)", "zstandard (>=0.15.2)"]
computation = ["scipy (>=1.7.1)", "xarray (>=0.21.0)"]
excel = ["odfpy (>=1.4.1)", "openpyxl (>=3.0.7)", "pyxlsb (>=1.0.8)", "xlrd (>=2.0.1)", "xlsxwriter (>=1.4.3)"]
feather = ["pyarrow (>=7.0.0)"]
fss = ["fsspec (>=2021.07.0)"]
gcp = ["gcsfs (>=2021.07.0)", "pandas-gbq (>=0.15.0)"]
hdf5 = ["tables (>=3.6.1)"]
html = ["beautifulsoup4 (>=4.9.3)", "html5lib (>=1.1)", "lxml (>=4.6.3)"]
mysql = ["SQLAlchemy (>=1.4.16)", "pymysql (>=1.0.2)"]
output-formatting = ["jinja2 (>=3.0.0)", "tabulate (>=0.8.9)"]
parquet = ["pyarrow (>=7.0.0)"]
performance = ["bottleneck (>=1.3.2)", "numba (>=0.53.1)", "numexpr (>=2.7.1)"]
plot = ["matplotlib (>=3.6.1)"]
postgresql = ["SQLAlchemy (>=1.4.16)", "psycopg2 (>=2.8.6)"]
spss = ["pyreadstat (>=1.1.2)"]
sql-other = ["SQLAlchemy (>=1.4.16)"]
test = ["hypothesis (>=6.34.2)", "pytest (>=7.3.2)", "pytest-asyncio (>=0.17.0)", "pytest-xdist (>=2.2.0)"]
xml = ["lxml (>=4.6.3)"]

[package.source]
type = "legacy"
url = "https://www.piwheels.org/simple"
reference = "piwheels"

[[package]]
name = "plotly"
version = "5.11.0"
description = "An open-source, interactive data visualization library for Python"
optional = false
python-versions = ">=3.6"
files = [
    {file = "plotly-5.11.0-py2.py3-none-any.whl", hash = "sha256:cc0c7168b3d717af4bf9249ebf4b322e66b753105af91ecc523627e8c340bf26"},
]

[package.dependencies]
tenacity = ">=6.2.0"

[package.source]
type = "legacy"
url = "https://www.piwheels.org/simple"
reference = "piwheels"

[[package]]
name = "psycopg2-binary"
version = "2.9.7"
description = "psycopg2 - Python-PostgreSQL Database Adapter"
optional = false
python-versions = ">=3.6"
files = [
    {file = "psycopg2_binary-2.9.7-cp37-cp37m-linux_armv6l.whl", hash = "sha256:e709bbe495eb43f123e2fb6258d4b16f5f6de1249077eb926582b2c6686639ab"},
    {file = "psycopg2_binary-2.9.7-cp37-cp37m-linux_armv7l.whl", hash = "sha256:e709bbe495eb43f123e2fb6258d4b16f5f6de1249077eb926582b2c6686639ab"},
    {file = "psycopg2_binary-2.9.7-cp39-cp39-linux_armv6l.whl", hash = "sha256:194b336e04abecd3f2c4b15f39923efd7b73a0af613aa65606073edd9994fc72"},
    {file = "psycopg2_binary-2.9.7-cp39-cp39-linux_armv7l.whl", hash = "sha256:194b336e04abecd3f2c4b15f39923efd7b73a0af613aa65606073edd9994fc72"},
]

[package.source]
type = "legacy"
url = "https://www.piwheels.org/simple"
reference = "piwheels"

[[package]]
name = "python-dateutil"
version = "2.8.2"
description = "Extensions to the standard Python datetime module"
optional = false
python-versions = "!=3.0.*,!=3.1.*,!=3.2.*,>=2.7"
files = [
    {file = "python_dateutil-2.8.2-py2.py3-none-any.whl", hash = "sha256:961d03dc3453ebbc59dbdea9e4e11c5651520a876d0f4db161e8674aae935da9"},
]

[package.dependencies]
six = ">=1.5"

[package.source]
type = "legacy"
url = "https://www.piwheels.org/simple"
reference = "piwheels"

[[package]]
name = "pytz"
version = "2022.5"
description = "World timezone definitions, modern and historical"
optional = false
python-versions = "*"
files = [
    {file = "pytz-2022.5-py3-none-any.whl", hash = "sha256:2f3e15556e11d7d41ffd9a42dd5d573c1e640781a0e3db193fc62a5ea8f794d4"},
]

[package.source]
type = "legacy"
url = "https://www.piwheels.org/simple"
reference = "piwheels"

[[package]]
name = "requests"
version = "2.31.0"
description = "Python HTTP for Humans."
optional = false
python-versions = ">=3.7"
files = [
    {file = "requests-2.31.0-py3-none-any.whl", hash = "sha256:471e7795897eff62a8e31f26f241e3e67ee80d1bd0f64236538a3dda8d3f1acc"},
]

[package.dependencies]
certifi = ">=2017.4.17"
charset-normalizer = ">=2,<4"
idna = ">=2.5,<4"
urllib3 = ">=1.21.1,<3"

[package.extras]
socks = ["PySocks (>=1.5.6,!=1.5.7)"]
use-chardet-on-py3 = ["chardet (>=3.0.2,<6)"]

[package.source]
type = "legacy"
url = "https://www.piwheels.org/simple"
reference = "piwheels"

[[package]]
name = "retrying"
version = "1.3.4"
description = "Retrying"
optional = false
python-versions = "*"
files = [
    {file = "retrying-1.3.4-py3-none-any.whl", hash = "sha256:7839ad7e368dca2cbadd2d785e9ede8e84923a24794719aba78784b822c33043"},
]

[package.dependencies]
six = ">=1.7.0"

[package.source]
type = "legacy"
url = "https://www.piwheels.org/simple"
reference = "piwheels"

[[package]]
name = "six"
version = "1.16.0"
description = "Python 2 and 3 compatibility utilities"
optional = false
python-versions = ">=2.7, !=3.0.*, !=3.1.*, !=3.2.*"
files = [
    {file = "six-1.16.0-py2.py3-none-any.whl", hash = "sha256:8abb2f1d86890a2dfb989f9a77cfcfd3e47c2a354b01111771326f8aa26e0254"},
]

[package.source]
type = "legacy"
url = "https://www.piwheels.org/simple"
reference = "piwheels"

[[package]]
name = "sqlalchemy"
version = "2.0.20"
description = "Database Abstraction Library"
optional = false
python-versions = ">=3.7"
files = [
    {file = "SQLAlchemy-2.0.20-cp37-cp37m-linux_armv6l.whl", hash = "sha256:894c2d5c4a1606cdd48c280ac6fa135861a33ab8f5d0bef7ecf95ddc98284c93"},
    {file = "SQLAlchemy-2.0.20-cp37-cp37m-linux_armv7l.whl", hash = "sha256:894c2d5c4a1606cdd48c280ac6fa135861a33ab8f5d0bef7ecf95ddc98284c93"},
    {file = "SQLAlchemy-2.0.20-cp39-cp39-linux_armv6l.whl", hash = "sha256:ae2f4951c066d13b6fd90751bb80e76127af66680fe8346c868febfea574e8fa"},
    {file = "SQLAlchemy-2.0.20-cp39-cp39-linux_armv7l.whl", hash = "sha256:ae2f4951c066d13b6fd90751bb80e76127af66680fe8346c868febfea574e8fa"},
]

[package.dependencies]
greenlet = {version = "!=0.4.17", markers = "platform_machine == \"aarch64\" or platform_machine == \"ppc64le\" or platform_machine == \"x86_64\" or platform_machine == \"amd64\" or platform_machine == \"AMD64\" or platform_machine == \"win32\" or platform_machine == \"WIN32\""}
typing-extensions = ">=4.2.0"

[package.extras]
aiomysql = ["aiomysql (>=0.2.0)", "greenlet (!=0.4.17)"]
aiosqlite = ["aiosqlite", "greenlet (!=0.4.17)", "typing-extensions (!=3.10.0.1)"]
asyncio = ["greenlet (!=0.4.17)"]
asyncmy = ["asyncmy (>=0.2.3,!=0.2.4,!=0.2.6)", "greenlet (!=0.4.17)"]
mariadb-connector = ["mariadb (>=1.0.1,!=1.1.2,!=1.1.5)"]
mssql = ["pyodbc"]
mssql-pymssql = ["pymssql"]
mssql-pyodbc = ["pyodbc"]
mypy = ["mypy (>=0.910)"]
mysql = ["mysqlclient (>=1.4.0)"]
mysql-connector = ["mysql-connector-python"]
oracle = ["cx-oracle (>=7)"]
oracle-oracledb = ["oracledb (>=1.0.1)"]
postgresql = ["psycopg2 (>=2.7)"]
postgresql-asyncpg = ["asyncpg", "greenlet (!=0.4.17)"]
postgresql-pg8000 = ["pg8000 (>=1.29.1)"]
postgresql-psycopg = ["psycopg (>=3.0.7)"]
postgresql-psycopg2binary = ["psycopg2-binary"]
postgresql-psycopg2cffi = ["psycopg2cffi"]
postgresql-psycopgbinary = ["psycopg[binary] (>=3.0.7)"]
pymysql = ["pymysql"]
sqlcipher = ["sqlcipher3-binary"]

[package.source]
type = "legacy"
url = "https://www.piwheels.org/simple"
reference = "piwheels"

[[package]]
name = "tenacity"
version = "8.1.0"
description = "Retry code until it succeeds"
optional = false
python-versions = ">=3.6"
files = [
    {file = "tenacity-8.1.0-py3-none-any.whl", hash = "sha256:ffab467a6d63739bc8c8dc814aa0ffcd96676ca87f679af82ab80a3c45f5ae55"},
]

[package.extras]
doc = ["reno", "sphinx", "tornado (>=4.5)"]

[package.source]
type = "legacy"
url = "https://www.piwheels.org/simple"
reference = "piwheels"

[[package]]
name = "typing-extensions"
version = "4.5.0"
description = "Backported and Experimental Type Hints for Python 3.7+"
optional = false
python-versions = ">=3.7"
files = [
    {file = "typing_extensions-4.5.0-py3-none-any.whl", hash = "sha256:56ef78cbdada308be2290c7a515383789bdda3216f88eb55f1d2374da38d15c4"},
]

[package.source]
type = "legacy"
url = "https://www.piwheels.org/simple"
reference = "piwheels"

[[package]]
name = "tzdata"
version = "2023.3"
description = "Provider of IANA time zone data"
optional = false
python-versions = ">=2"
files = [
    {file = "tzdata-2023.3-py2.py3-none-any.whl", hash = "sha256:f75913ae69ebb2bbc6852d816a2d6981d15c3fad9d5262f886404673cde610b7"},
]

[package.source]
type = "legacy"
url = "https://www.piwheels.org/simple"
reference = "piwheels"

[[package]]
name = "urllib3"
version = "2.0.3"
description = "HTTP library with thread-safe connection pooling, file post, and more."
optional = false
python-versions = ">=3.7"
files = [
    {file = "urllib3-2.0.3-py3-none-any.whl", hash = "sha256:50bcd1e8ea5fc90ce4aae96e845c2f17dfa6f6c18aafd0be35ef704b939024a5"},
]

[package.extras]
brotli = ["brotli (>=1.0.9)", "brotlicffi (>=0.8.0)"]
secure = ["certifi", "cryptography (>=1.9)", "idna (>=2.0.0)", "pyopenssl (>=17.1.0)", "urllib3-secure-extra"]
socks = ["pysocks (>=1.5.6,!=1.5.7,<2.0)"]
zstd = ["zstandard (>=0.18.0)"]

[package.source]
type = "legacy"
url = "https://www.piwheels.org/simple"
reference = "piwheels"

[[package]]
name = "werkzeug"
version = "2.2.3"
description = "The comprehensive WSGI web application library."
optional = false
python-versions = ">=3.7"
files = [
    {file = "Werkzeug-2.2.3-py3-none-any.whl", hash = "sha256:1edfcadd36913573c92fa913157f85aab758c171d0fa9f33b2f35111f54e0ac7"},
]

[package.dependencies]
MarkupSafe = ">=2.1.1"

[package.extras]
watchdog = ["watchdog"]

[package.source]
type = "legacy"
url = "https://www.piwheels.org/simple"
reference = "piwheels"

[[package]]
name = "zipp"
version = "3.10.0"
description = "Backport of pathlib-compatible object wrapper for zip files"
optional = false
python-versions = ">=3.7"
files = [
    {file = "zipp-3.10.0-py3-none-any.whl", hash = "sha256:eff50ebfebe3b70057f37e01f631f4e0c8a5df9181e61b67b91ba633cbbe7faf"},
]

[package.extras]
docs = ["furo", "jaraco.packaging (>=9)", "jaraco.tidelift (>=1.4)", "rst.linker (>=1.9)", "sphinx (>=3.5)"]
testing = ["flake8 (<5)", "func-timeout", "jaraco.functools", "jaraco.itertools", "more-itertools", "pytest (>=6)", "pytest-black (>=0.3.7)", "pytest-checkdocs (>=2.4)", "pytest-cov", "pytest-enabler (>=1.3)", "pytest-flake8", "pytest-mypy (>=0.9.1)"]

[package.source]
type = "legacy"
url = "https://www.piwheels.org/simple"
reference = "piwheels"

[metadata]
lock-version = "2.0"
python-versions = ">=3.9,<3.11"
content-hash = "d7d811dc9a10b2bdbe9369c552c6002fe29171bfb4db346ede8accfc6e2cbd31"
